
Microsoft Visual Studio Solution File, Format Version 12.00
# Visual Studio 15
VisualStudioVersion = 15.0.28307.421
MinimumVisualStudioVersion = 10.0.40219.1
Project("{FAE04EC0-301F-11D3-BF4B-00C04F79EFBC}") = "AttandanceRegister Total Hours", "AttandanceRegister Total Hours\AttandanceRegister Total Hours.csproj", "{00F95403-E53C-4C12-AE74-DEB04A74C374}"
EndProject
Global
	GlobalSection(SolutionConfigurationPlatforms) = preSolution
		Debug|Any CPU = Debug|Any CPU
		Release|Any CPU = Release|Any CPU
	EndGlobalSection
	GlobalSection(ProjectConfigurationPlatforms) = postSolution
		{00F95403-E53C-4C12-AE74-DEB04A74C374}.Debug|Any CPU.ActiveCfg = Debug|Any CPU
		{00F95403-E53C-4C12-AE74-DEB04A74C374}.Debug|Any CPU.Build.0 = Debug|Any CPU
		{00F95403-E53C-4C12-AE74-DEB04A74C374}.Release|Any CPU.ActiveCfg = Release|Any CPU
		{00F95403-E53C-4C12-AE74-DEB04A74C374}.Release|Any CPU.Build.0 = Release|Any CPU
	EndGlobalSection
	GlobalSection(SolutionProperties) = preSolution
		HideSolutionNode = FALSE
	EndGlobalSection
	GlobalSection(ExtensibilityGlobals) = postSolution
		SolutionGuid = {7E94655E-36C5-4676-B019-50C9ADFE5BCE}
	EndGlobalSection
EndGlobal
